
Microsoft Visual Studio Solution File, Format Version 12.00
# Visual Studio 14
VisualStudioVersion = 14.0.25123.0
MinimumVisualStudioVersion = 10.0.40219.1
Project("{2150E333-8FDC-42A3-9474-1A3956D46DE8}") = "Models", "Models", "{EBD47651-E510-4143-AD8B-F095D4E60C24}"
EndProject
Project("{2150E333-8FDC-42A3-9474-1A3956D46DE8}") = "Services", "Services", "{3E001321-1080-428E-BF1B-18C5A9891FD7}"
EndProject
Project("{2150E333-8FDC-42A3-9474-1A3956D46DE8}") = "Middleware", "Middleware", "{8F56C6F1-A6A1-4FB6-9E0C-D0B8CCD99557}"
EndProject
Project("{2150E333-8FDC-42A3-9474-1A3956D46DE8}") = "Infrastructure", "Infrastructure", "{A5EC2F1E-9397-4F68-B6B8-661F8C68F40F}"
EndProject
Project("{FAE04EC0-301F-11D3-BF4B-00C04F79EFBC}") = "IFSP.ADS.Infrastructure", "IFSP.ADS.Infrastructure\IFSP.ADS.Infrastructure.csproj", "{BE0A923C-8F01-49F0-935E-16B6BA2C8C60}"
EndProject
Project("{FAE04EC0-301F-11D3-BF4B-00C04F79EFBC}") = "IFSP.ADS.Models", "IFSP.ADS.Models\IFSP.ADS.Models.csproj", "{77D075AC-0121-4227-9C42-383F4BA62206}"
EndProject
Project("{FAE04EC0-301F-11D3-BF4B-00C04F79EFBC}") = "IFSP.ADS.Services", "IFSP.ADS.Services\IFSP.ADS.Services.csproj", "{35E8E4BF-DD6F-4E33-A95B-7F8E63907EF8}"
EndProject
Project("{2150E333-8FDC-42A3-9474-1A3956D46DE8}") = "FrontEnd", "FrontEnd", "{D1C39F61-3E51-4ACF-9AFC-3504D404DC79}"
EndProject
Project("{FAE04EC0-301F-11D3-BF4B-00C04F79EFBC}") = "IFSP.ADS.Web", "IFSP.ADS.FrontEnd\IFSP.ADS.Web\IFSP.ADS.Web.csproj", "{984AE272-A205-4A63-8504-A121CD0AB7FC}"
EndProject
Project("{FAE04EC0-301F-11D3-BF4B-00C04F79EFBC}") = "IFSP.ADS.API", "IFSP.ADS.API\IFSP.ADS.API.csproj", "{4D4E0F7B-F2E4-41FB-801F-B78E663D3A6C}"
EndProject
Global
	GlobalSection(SolutionConfigurationPlatforms) = preSolution
		Debug|Any CPU = Debug|Any CPU
		Dev|Any CPU = Dev|Any CPU
		Hml|Any CPU = Hml|Any CPU
		Prd|Any CPU = Prd|Any CPU
		Release|Any CPU = Release|Any CPU
	EndGlobalSection
	GlobalSection(ProjectConfigurationPlatforms) = postSolution
		{BE0A923C-8F01-49F0-935E-16B6BA2C8C60}.Debug|Any CPU.ActiveCfg = Debug|Any CPU
		{BE0A923C-8F01-49F0-935E-16B6BA2C8C60}.Debug|Any CPU.Build.0 = Debug|Any CPU
		{BE0A923C-8F01-49F0-935E-16B6BA2C8C60}.Dev|Any CPU.ActiveCfg = Debug|Any CPU
		{BE0A923C-8F01-49F0-935E-16B6BA2C8C60}.Dev|Any CPU.Build.0 = Debug|Any CPU
		{BE0A923C-8F01-49F0-935E-16B6BA2C8C60}.Hml|Any CPU.ActiveCfg = Release|Any CPU
		{BE0A923C-8F01-49F0-935E-16B6BA2C8C60}.Hml|Any CPU.Build.0 = Release|Any CPU
		{BE0A923C-8F01-49F0-935E-16B6BA2C8C60}.Prd|Any CPU.ActiveCfg = Release|Any CPU
		{BE0A923C-8F01-49F0-935E-16B6BA2C8C60}.Prd|Any CPU.Build.0 = Release|Any CPU
		{BE0A923C-8F01-49F0-935E-16B6BA2C8C60}.Release|Any CPU.ActiveCfg = Release|Any CPU
		{BE0A923C-8F01-49F0-935E-16B6BA2C8C60}.Release|Any CPU.Build.0 = Release|Any CPU
		{77D075AC-0121-4227-9C42-383F4BA62206}.Debug|Any CPU.ActiveCfg = Debug|Any CPU
		{77D075AC-0121-4227-9C42-383F4BA62206}.Debug|Any CPU.Build.0 = Debug|Any CPU
		{77D075AC-0121-4227-9C42-383F4BA62206}.Dev|Any CPU.ActiveCfg = Debug|Any CPU
		{77D075AC-0121-4227-9C42-383F4BA62206}.Dev|Any CPU.Build.0 = Debug|Any CPU
		{77D075AC-0121-4227-9C42-383F4BA62206}.Hml|Any CPU.ActiveCfg = Release|Any CPU
		{77D075AC-0121-4227-9C42-383F4BA62206}.Hml|Any CPU.Build.0 = Release|Any CPU
		{77D075AC-0121-4227-9C42-383F4BA62206}.Prd|Any CPU.ActiveCfg = Release|Any CPU
		{77D075AC-0121-4227-9C42-383F4BA62206}.Prd|Any CPU.Build.0 = Release|Any CPU
		{77D075AC-0121-4227-9C42-383F4BA62206}.Release|Any CPU.ActiveCfg = Release|Any CPU
		{77D075AC-0121-4227-9C42-383F4BA62206}.Release|Any CPU.Build.0 = Release|Any CPU
		{35E8E4BF-DD6F-4E33-A95B-7F8E63907EF8}.Debug|Any CPU.ActiveCfg = Debug|Any CPU
		{35E8E4BF-DD6F-4E33-A95B-7F8E63907EF8}.Debug|Any CPU.Build.0 = Debug|Any CPU
		{35E8E4BF-DD6F-4E33-A95B-7F8E63907EF8}.Dev|Any CPU.ActiveCfg = Debug|Any CPU
		{35E8E4BF-DD6F-4E33-A95B-7F8E63907EF8}.Dev|Any CPU.Build.0 = Debug|Any CPU
		{35E8E4BF-DD6F-4E33-A95B-7F8E63907EF8}.Hml|Any CPU.ActiveCfg = Release|Any CPU
		{35E8E4BF-DD6F-4E33-A95B-7F8E63907EF8}.Hml|Any CPU.Build.0 = Release|Any CPU
		{35E8E4BF-DD6F-4E33-A95B-7F8E63907EF8}.Prd|Any CPU.ActiveCfg = Release|Any CPU
		{35E8E4BF-DD6F-4E33-A95B-7F8E63907EF8}.Prd|Any CPU.Build.0 = Release|Any CPU
		{35E8E4BF-DD6F-4E33-A95B-7F8E63907EF8}.Release|Any CPU.ActiveCfg = Release|Any CPU
		{35E8E4BF-DD6F-4E33-A95B-7F8E63907EF8}.Release|Any CPU.Build.0 = Release|Any CPU
		{984AE272-A205-4A63-8504-A121CD0AB7FC}.Debug|Any CPU.ActiveCfg = Debug|Any CPU
		{984AE272-A205-4A63-8504-A121CD0AB7FC}.Debug|Any CPU.Build.0 = Debug|Any CPU
		{984AE272-A205-4A63-8504-A121CD0AB7FC}.Dev|Any CPU.ActiveCfg = Debug|Any CPU
		{984AE272-A205-4A63-8504-A121CD0AB7FC}.Dev|Any CPU.Build.0 = Debug|Any CPU
		{984AE272-A205-4A63-8504-A121CD0AB7FC}.Hml|Any CPU.ActiveCfg = Release|Any CPU
		{984AE272-A205-4A63-8504-A121CD0AB7FC}.Hml|Any CPU.Build.0 = Release|Any CPU
		{984AE272-A205-4A63-8504-A121CD0AB7FC}.Prd|Any CPU.ActiveCfg = Release|Any CPU
		{984AE272-A205-4A63-8504-A121CD0AB7FC}.Prd|Any CPU.Build.0 = Release|Any CPU
		{984AE272-A205-4A63-8504-A121CD0AB7FC}.Release|Any CPU.ActiveCfg = Release|Any CPU
		{984AE272-A205-4A63-8504-A121CD0AB7FC}.Release|Any CPU.Build.0 = Release|Any CPU
		{4D4E0F7B-F2E4-41FB-801F-B78E663D3A6C}.Debug|Any CPU.ActiveCfg = Debug|Any CPU
		{4D4E0F7B-F2E4-41FB-801F-B78E663D3A6C}.Debug|Any CPU.Build.0 = Debug|Any CPU
		{4D4E0F7B-F2E4-41FB-801F-B78E663D3A6C}.Dev|Any CPU.ActiveCfg = Dev|Any CPU
		{4D4E0F7B-F2E4-41FB-801F-B78E663D3A6C}.Dev|Any CPU.Build.0 = Dev|Any CPU
		{4D4E0F7B-F2E4-41FB-801F-B78E663D3A6C}.Hml|Any CPU.ActiveCfg = Hml|Any CPU
		{4D4E0F7B-F2E4-41FB-801F-B78E663D3A6C}.Hml|Any CPU.Build.0 = Hml|Any CPU
		{4D4E0F7B-F2E4-41FB-801F-B78E663D3A6C}.Prd|Any CPU.ActiveCfg = Prd|Any CPU
		{4D4E0F7B-F2E4-41FB-801F-B78E663D3A6C}.Prd|Any CPU.Build.0 = Prd|Any CPU
		{4D4E0F7B-F2E4-41FB-801F-B78E663D3A6C}.Release|Any CPU.ActiveCfg = Release|Any CPU
		{4D4E0F7B-F2E4-41FB-801F-B78E663D3A6C}.Release|Any CPU.Build.0 = Release|Any CPU
	EndGlobalSection
	GlobalSection(SolutionProperties) = preSolution
		HideSolutionNode = FALSE
	EndGlobalSection
	GlobalSection(NestedProjects) = preSolution
		{BE0A923C-8F01-49F0-935E-16B6BA2C8C60} = {A5EC2F1E-9397-4F68-B6B8-661F8C68F40F}
		{77D075AC-0121-4227-9C42-383F4BA62206} = {EBD47651-E510-4143-AD8B-F095D4E60C24}
		{35E8E4BF-DD6F-4E33-A95B-7F8E63907EF8} = {3E001321-1080-428E-BF1B-18C5A9891FD7}
		{984AE272-A205-4A63-8504-A121CD0AB7FC} = {D1C39F61-3E51-4ACF-9AFC-3504D404DC79}
		{4D4E0F7B-F2E4-41FB-801F-B78E663D3A6C} = {8F56C6F1-A6A1-4FB6-9E0C-D0B8CCD99557}
	EndGlobalSection
EndGlobal
